
Microsoft Visual Studio Solution File, Format Version 12.00
# Visual Studio Version 17
VisualStudioVersion = 17.11.35312.102
MinimumVisualStudioVersion = 10.0.40219.1
Project("{FAE04EC0-301F-11D3-BF4B-00C04F79EFBC}") = "DVT_Elevator_Challenge_UI", "DVT_Elevator_Challenge_UI.csproj", "{87EDA5EE-5634-4A69-A46D-C24253D1CCF9}"
EndProject
Project("{FAE04EC0-301F-11D3-BF4B-00C04F79EFBC}") = "Domain", "..\Domain\Domain.csproj", "{5470F9EB-35EB-4432-BB37-F26A2E18DF93}"
EndProject
Project("{FAE04EC0-301F-11D3-BF4B-00C04F79EFBC}") = "Interface", "..\ApplicationLayer\Interface.csproj", "{8C0745EB-65E3-4A84-B097-1AE8288B537F}"
EndProject
Project("{FAE04EC0-301F-11D3-BF4B-00C04F79EFBC}") = "Service", "..\Service\Service.csproj", "{DD4941EA-7D35-4D11-9B82-A0D7A31BB024}"
EndProject
Global
	GlobalSection(SolutionConfigurationPlatforms) = preSolution
		Debug|Any CPU = Debug|Any CPU
		Debug|arm64 = Debug|arm64
		Debug|x86 = Debug|x86
		Release|Any CPU = Release|Any CPU
		Release|arm64 = Release|arm64
		Release|x86 = Release|x86
	EndGlobalSection
	GlobalSection(ProjectConfigurationPlatforms) = postSolution
		{87EDA5EE-5634-4A69-A46D-C24253D1CCF9}.Debug|Any CPU.ActiveCfg = Debug|Any CPU
		{87EDA5EE-5634-4A69-A46D-C24253D1CCF9}.Debug|Any CPU.Build.0 = Debug|Any CPU
		{87EDA5EE-5634-4A69-A46D-C24253D1CCF9}.Debug|arm64.ActiveCfg = Debug|Any CPU
		{87EDA5EE-5634-4A69-A46D-C24253D1CCF9}.Debug|arm64.Build.0 = Debug|Any CPU
		{87EDA5EE-5634-4A69-A46D-C24253D1CCF9}.Debug|x86.ActiveCfg = Debug|Any CPU
		{87EDA5EE-5634-4A69-A46D-C24253D1CCF9}.Debug|x86.Build.0 = Debug|Any CPU
		{87EDA5EE-5634-4A69-A46D-C24253D1CCF9}.Release|Any CPU.ActiveCfg = Release|Any CPU
		{87EDA5EE-5634-4A69-A46D-C24253D1CCF9}.Release|Any CPU.Build.0 = Release|Any CPU
		{87EDA5EE-5634-4A69-A46D-C24253D1CCF9}.Release|arm64.ActiveCfg = Release|Any CPU
		{87EDA5EE-5634-4A69-A46D-C24253D1CCF9}.Release|arm64.Build.0 = Release|Any CPU
		{87EDA5EE-5634-4A69-A46D-C24253D1CCF9}.Release|x86.ActiveCfg = Release|Any CPU
		{87EDA5EE-5634-4A69-A46D-C24253D1CCF9}.Release|x86.Build.0 = Release|Any CPU
		{5470F9EB-35EB-4432-BB37-F26A2E18DF93}.Debug|Any CPU.ActiveCfg = Debug|Any CPU
		{5470F9EB-35EB-4432-BB37-F26A2E18DF93}.Debug|Any CPU.Build.0 = Debug|Any CPU
		{5470F9EB-35EB-4432-BB37-F26A2E18DF93}.Debug|arm64.ActiveCfg = Debug|Any CPU
		{5470F9EB-35EB-4432-BB37-F26A2E18DF93}.Debug|arm64.Build.0 = Debug|Any CPU
		{5470F9EB-35EB-4432-BB37-F26A2E18DF93}.Debug|x86.ActiveCfg = Debug|Any CPU
		{5470F9EB-35EB-4432-BB37-F26A2E18DF93}.Debug|x86.Build.0 = Debug|Any CPU
		{5470F9EB-35EB-4432-BB37-F26A2E18DF93}.Release|Any CPU.ActiveCfg = Release|Any CPU
		{5470F9EB-35EB-4432-BB37-F26A2E18DF93}.Release|Any CPU.Build.0 = Release|Any CPU
		{5470F9EB-35EB-4432-BB37-F26A2E18DF93}.Release|arm64.ActiveCfg = Release|Any CPU
		{5470F9EB-35EB-4432-BB37-F26A2E18DF93}.Release|arm64.Build.0 = Release|Any CPU
		{5470F9EB-35EB-4432-BB37-F26A2E18DF93}.Release|x86.ActiveCfg = Release|Any CPU
		{5470F9EB-35EB-4432-BB37-F26A2E18DF93}.Release|x86.Build.0 = Release|Any CPU
		{8C0745EB-65E3-4A84-B097-1AE8288B537F}.Debug|Any CPU.ActiveCfg = Debug|Any CPU
		{8C0745EB-65E3-4A84-B097-1AE8288B537F}.Debug|Any CPU.Build.0 = Debug|Any CPU
		{8C0745EB-65E3-4A84-B097-1AE8288B537F}.Debug|arm64.ActiveCfg = Debug|Any CPU
		{8C0745EB-65E3-4A84-B097-1AE8288B537F}.Debug|arm64.Build.0 = Debug|Any CPU
		{8C0745EB-65E3-4A84-B097-1AE8288B537F}.Debug|x86.ActiveCfg = Debug|Any CPU
		{8C0745EB-65E3-4A84-B097-1AE8288B537F}.Debug|x86.Build.0 = Debug|Any CPU
		{8C0745EB-65E3-4A84-B097-1AE8288B537F}.Release|Any CPU.ActiveCfg = Release|Any CPU
		{8C0745EB-65E3-4A84-B097-1AE8288B537F}.Release|Any CPU.Build.0 = Release|Any CPU
		{8C0745EB-65E3-4A84-B097-1AE8288B537F}.Release|arm64.ActiveCfg = Release|Any CPU
		{8C0745EB-65E3-4A84-B097-1AE8288B537F}.Release|arm64.Build.0 = Release|Any CPU
		{8C0745EB-65E3-4A84-B097-1AE8288B537F}.Release|x86.ActiveCfg = Release|Any CPU
		{8C0745EB-65E3-4A84-B097-1AE8288B537F}.Release|x86.Build.0 = Release|Any CPU
		{DD4941EA-7D35-4D11-9B82-A0D7A31BB024}.Debug|Any CPU.ActiveCfg = Debug|Any CPU
		{DD4941EA-7D35-4D11-9B82-A0D7A31BB024}.Debug|Any CPU.Build.0 = Debug|Any CPU
		{DD4941EA-7D35-4D11-9B82-A0D7A31BB024}.Debug|arm64.ActiveCfg = Debug|Any CPU
		{DD4941EA-7D35-4D11-9B82-A0D7A31BB024}.Debug|arm64.Build.0 = Debug|Any CPU
		{DD4941EA-7D35-4D11-9B82-A0D7A31BB024}.Debug|x86.ActiveCfg = Debug|Any CPU
		{DD4941EA-7D35-4D11-9B82-A0D7A31BB024}.Debug|x86.Build.0 = Debug|Any CPU
		{DD4941EA-7D35-4D11-9B82-A0D7A31BB024}.Release|Any CPU.ActiveCfg = Release|Any CPU
		{DD4941EA-7D35-4D11-9B82-A0D7A31BB024}.Release|Any CPU.Build.0 = Release|Any CPU
		{DD4941EA-7D35-4D11-9B82-A0D7A31BB024}.Release|arm64.ActiveCfg = Release|Any CPU
		{DD4941EA-7D35-4D11-9B82-A0D7A31BB024}.Release|arm64.Build.0 = Release|Any CPU
		{DD4941EA-7D35-4D11-9B82-A0D7A31BB024}.Release|x86.ActiveCfg = Release|Any CPU
		{DD4941EA-7D35-4D11-9B82-A0D7A31BB024}.Release|x86.Build.0 = Release|Any CPU
	EndGlobalSection
	GlobalSection(SolutionProperties) = preSolution
		HideSolutionNode = FALSE
	EndGlobalSection
	GlobalSection(ExtensibilityGlobals) = postSolution
		SolutionGuid = {0943B3DF-236F-4AFF-8037-A2F959BA6539}
	EndGlobalSection
EndGlobal
